
Microsoft Visual Studio Solution File, Format Version 12.00
# Visual Studio Version 17
VisualStudioVersion = 17.13.35931.197 d17.13
MinimumVisualStudioVersion = 10.0.40219.1
Project("{FAE04EC0-301F-11D3-BF4B-00C04F79EFBC}") = "EFPerformances", "EFPerformances\EFPerformances.csproj", "{9EEAC6DC-A19A-436D-853C-3D032C6F332E}"
EndProject
Global
	GlobalSection(SolutionConfigurationPlatforms) = preSolution
		Debug|Any CPU = Debug|Any CPU
		Release|Any CPU = Release|Any CPU
	EndGlobalSection
	GlobalSection(ProjectConfigurationPlatforms) = postSolution
		{9EEAC6DC-A19A-436D-853C-3D032C6F332E}.Debug|Any CPU.ActiveCfg = Debug|Any CPU
		{9EEAC6DC-A19A-436D-853C-3D032C6F332E}.Debug|Any CPU.Build.0 = Debug|Any CPU
		{9EEAC6DC-A19A-436D-853C-3D032C6F332E}.Release|Any CPU.ActiveCfg = Release|Any CPU
		{9EEAC6DC-A19A-436D-853C-3D032C6F332E}.Release|Any CPU.Build.0 = Release|Any CPU
	EndGlobalSection
	GlobalSection(SolutionProperties) = preSolution
		HideSolutionNode = FALSE
	EndGlobalSection
	GlobalSection(ExtensibilityGlobals) = postSolution
		SolutionGuid = {09F531C3-2617-4A75-8A4A-27C8D40FA070}
	EndGlobalSection
EndGlobal
